// !$*UTF8*$!
{
	archiveVersion = 1;
	classes = {
	};
	objectVersion = 77;
	objects = {

/* Begin PBXBuildFile section */
		3E3CFC96CD824DC02786D5C2 /* Pods_kinda_news_lentaTests.framework in Frameworks */ = {isa = PBXBuildFile; fileRef = 508735030D270F68CEB999B0 /* Pods_kinda_news_lentaTests.framework */; };
		A5B58EDFAFED9CD03C0F8907 /* Pods_kinda_news_lenta.framework in Frameworks */ = {isa = PBXBuildFile; fileRef = 8C1518E795AB3A2160528A89 /* Pods_kinda_news_lenta.framework */; };
		CF0FCC10457ADD92413BCC4F /* Pods_kinda_news_lenta_kinda_news_lentaUITests.framework in Frameworks */ = {isa = PBXBuildFile; fileRef = 9E29ACD2B9B13B4A26714378 /* Pods_kinda_news_lenta_kinda_news_lentaUITests.framework */; };
/* End PBXBuildFile section */

/* Begin PBXContainerItemProxy section */
		80EC8DF02CEB9F8100E64AAC /* PBXContainerItemProxy */ = {
			isa = PBXContainerItemProxy;
			containerPortal = 80EC8DD12CEB9F8000E64AAC /* Project object */;
			proxyType = 1;
			remoteGlobalIDString = 80EC8DD82CEB9F8000E64AAC;
			remoteInfo = "kinda-news-lenta";
		};
		80EC8DFA2CEB9F8100E64AAC /* PBXContainerItemProxy */ = {
			isa = PBXContainerItemProxy;
			containerPortal = 80EC8DD12CEB9F8000E64AAC /* Project object */;
			proxyType = 1;
			remoteGlobalIDString = 80EC8DD82CEB9F8000E64AAC;
			remoteInfo = "kinda-news-lenta";
		};
/* End PBXContainerItemProxy section */

/* Begin PBXFileReference section */
		065B9E4CE423F9DCF1C789BE /* Pods-kinda-news-lenta-kinda-news-lentaUITests.release.xcconfig */ = {isa = PBXFileReference; includeInIndex = 1; lastKnownFileType = text.xcconfig; name = "Pods-kinda-news-lenta-kinda-news-lentaUITests.release.xcconfig"; path = "Target Support Files/Pods-kinda-news-lenta-kinda-news-lentaUITests/Pods-kinda-news-lenta-kinda-news-lentaUITests.release.xcconfig"; sourceTree = "<group>"; };
		10298C98B730CC10D8152C86 /* Pods-kinda-news-lenta-kinda-news-lentaUITests.debug.xcconfig */ = {isa = PBXFileReference; includeInIndex = 1; lastKnownFileType = text.xcconfig; name = "Pods-kinda-news-lenta-kinda-news-lentaUITests.debug.xcconfig"; path = "Target Support Files/Pods-kinda-news-lenta-kinda-news-lentaUITests/Pods-kinda-news-lenta-kinda-news-lentaUITests.debug.xcconfig"; sourceTree = "<group>"; };
		508735030D270F68CEB999B0 /* Pods_kinda_news_lentaTests.framework */ = {isa = PBXFileReference; explicitFileType = wrapper.framework; includeInIndex = 0; path = Pods_kinda_news_lentaTests.framework; sourceTree = BUILT_PRODUCTS_DIR; };
		7FEDA744C14B996C1B69F4AB /* Pods-kinda-news-lenta.debug.xcconfig */ = {isa = PBXFileReference; includeInIndex = 1; lastKnownFileType = text.xcconfig; name = "Pods-kinda-news-lenta.debug.xcconfig"; path = "Target Support Files/Pods-kinda-news-lenta/Pods-kinda-news-lenta.debug.xcconfig"; sourceTree = "<group>"; };
		80EC8DD92CEB9F8000E64AAC /* kinda-news-lenta.app */ = {isa = PBXFileReference; explicitFileType = wrapper.application; includeInIndex = 0; path = "kinda-news-lenta.app"; sourceTree = BUILT_PRODUCTS_DIR; };
		80EC8DEF2CEB9F8100E64AAC /* kinda-news-lentaTests.xctest */ = {isa = PBXFileReference; explicitFileType = wrapper.cfbundle; includeInIndex = 0; path = "kinda-news-lentaTests.xctest"; sourceTree = BUILT_PRODUCTS_DIR; };
		80EC8DF92CEB9F8100E64AAC /* kinda-news-lentaUITests.xctest */ = {isa = PBXFileReference; explicitFileType = wrapper.cfbundle; includeInIndex = 0; path = "kinda-news-lentaUITests.xctest"; sourceTree = BUILT_PRODUCTS_DIR; };
		8C1518E795AB3A2160528A89 /* Pods_kinda_news_lenta.framework */ = {isa = PBXFileReference; explicitFileType = wrapper.framework; includeInIndex = 0; path = Pods_kinda_news_lenta.framework; sourceTree = BUILT_PRODUCTS_DIR; };
		9E29ACD2B9B13B4A26714378 /* Pods_kinda_news_lenta_kinda_news_lentaUITests.framework */ = {isa = PBXFileReference; explicitFileType = wrapper.framework; includeInIndex = 0; path = Pods_kinda_news_lenta_kinda_news_lentaUITests.framework; sourceTree = BUILT_PRODUCTS_DIR; };
		BBEBF8F209F506EDFA6AAD59 /* Pods-kinda-news-lentaTests.debug.xcconfig */ = {isa = PBXFileReference; includeInIndex = 1; lastKnownFileType = text.xcconfig; name = "Pods-kinda-news-lentaTests.debug.xcconfig"; path = "Target Support Files/Pods-kinda-news-lentaTests/Pods-kinda-news-lentaTests.debug.xcconfig"; sourceTree = "<group>"; };
		BCC1ABBF38825F5381F78768 /* Pods-kinda-news-lenta.release.xcconfig */ = {isa = PBXFileReference; includeInIndex = 1; lastKnownFileType = text.xcconfig; name = "Pods-kinda-news-lenta.release.xcconfig"; path = "Target Support Files/Pods-kinda-news-lenta/Pods-kinda-news-lenta.release.xcconfig"; sourceTree = "<group>"; };
		E2CB068515AE398E6E9D248B /* Pods-kinda-news-lentaTests.release.xcconfig */ = {isa = PBXFileReference; includeInIndex = 1; lastKnownFileType = text.xcconfig; name = "Pods-kinda-news-lentaTests.release.xcconfig"; path = "Target Support Files/Pods-kinda-news-lentaTests/Pods-kinda-news-lentaTests.release.xcconfig"; sourceTree = "<group>"; };
/* End PBXFileReference section */

/* Begin PBXFileSystemSynchronizedBuildFileExceptionSet section */
		80EC8E012CEB9F8100E64AAC /* Exceptions for "kinda-news-lenta" folder in "kinda-news-lenta" target */ = {
			isa = PBXFileSystemSynchronizedBuildFileExceptionSet;
			membershipExceptions = (
				Info.plist,
			);
			target = 80EC8DD82CEB9F8000E64AAC /* kinda-news-lenta */;
		};
/* End PBXFileSystemSynchronizedBuildFileExceptionSet section */

/* Begin PBXFileSystemSynchronizedRootGroup section */
		80EC8DDB2CEB9F8000E64AAC /* kinda-news-lenta */ = {
			isa = PBXFileSystemSynchronizedRootGroup;
			exceptions = (
				80EC8E012CEB9F8100E64AAC /* Exceptions for "kinda-news-lenta" folder in "kinda-news-lenta" target */,
			);
			path = "kinda-news-lenta";
			sourceTree = "<group>";
		};
		80EC8DF22CEB9F8100E64AAC /* kinda-news-lentaTests */ = {
			isa = PBXFileSystemSynchronizedRootGroup;
			path = "kinda-news-lentaTests";
			sourceTree = "<group>";
		};
		80EC8DFC2CEB9F8100E64AAC /* kinda-news-lentaUITests */ = {
			isa = PBXFileSystemSynchronizedRootGroup;
			path = "kinda-news-lentaUITests";
			sourceTree = "<group>";
		};
/* End PBXFileSystemSynchronizedRootGroup section */

/* Begin PBXFrameworksBuildPhase section */
		80EC8DD62CEB9F8000E64AAC /* Frameworks */ = {
			isa = PBXFrameworksBuildPhase;
			buildActionMask = 2147483647;
			files = (
				A5B58EDFAFED9CD03C0F8907 /* Pods_kinda_news_lenta.framework in Frameworks */,
			);
			runOnlyForDeploymentPostprocessing = 0;
		};
		80EC8DEC2CEB9F8100E64AAC /* Frameworks */ = {
			isa = PBXFrameworksBuildPhase;
			buildActionMask = 2147483647;
			files = (
				3E3CFC96CD824DC02786D5C2 /* Pods_kinda_news_lentaTests.framework in Frameworks */,
			);
			runOnlyForDeploymentPostprocessing = 0;
		};
		80EC8DF62CEB9F8100E64AAC /* Frameworks */ = {
			isa = PBXFrameworksBuildPhase;
			buildActionMask = 2147483647;
			files = (
				CF0FCC10457ADD92413BCC4F /* Pods_kinda_news_lenta_kinda_news_lentaUITests.framework in Frameworks */,
			);
			runOnlyForDeploymentPostprocessing = 0;
		};
/* End PBXFrameworksBuildPhase section */

/* Begin PBXGroup section */
		2C05D7F8FB65D3CC40B3044B /* Pods */ = {
			isa = PBXGroup;
			children = (
				7FEDA744C14B996C1B69F4AB /* Pods-kinda-news-lenta.debug.xcconfig */,
				BCC1ABBF38825F5381F78768 /* Pods-kinda-news-lenta.release.xcconfig */,
				10298C98B730CC10D8152C86 /* Pods-kinda-news-lenta-kinda-news-lentaUITests.debug.xcconfig */,
				065B9E4CE423F9DCF1C789BE /* Pods-kinda-news-lenta-kinda-news-lentaUITests.release.xcconfig */,
				BBEBF8F209F506EDFA6AAD59 /* Pods-kinda-news-lentaTests.debug.xcconfig */,
				E2CB068515AE398E6E9D248B /* Pods-kinda-news-lentaTests.release.xcconfig */,
			);
			path = Pods;
			sourceTree = "<group>";
		};
		80EC8DD02CEB9F8000E64AAC = {
			isa = PBXGroup;
			children = (
				80EC8DDB2CEB9F8000E64AAC /* kinda-news-lenta */,
				80EC8DF22CEB9F8100E64AAC /* kinda-news-lentaTests */,
				80EC8DFC2CEB9F8100E64AAC /* kinda-news-lentaUITests */,
				80EC8DDA2CEB9F8000E64AAC /* Products */,
				2C05D7F8FB65D3CC40B3044B /* Pods */,
				FCD86D6C287BF3E7611C5FF7 /* Frameworks */,
			);
			sourceTree = "<group>";
		};
		80EC8DDA2CEB9F8000E64AAC /* Products */ = {
			isa = PBXGroup;
			children = (
				80EC8DD92CEB9F8000E64AAC /* kinda-news-lenta.app */,
				80EC8DEF2CEB9F8100E64AAC /* kinda-news-lentaTests.xctest */,
				80EC8DF92CEB9F8100E64AAC /* kinda-news-lentaUITests.xctest */,
			);
			name = Products;
			sourceTree = "<group>";
		};
		FCD86D6C287BF3E7611C5FF7 /* Frameworks */ = {
			isa = PBXGroup;
			children = (
				8C1518E795AB3A2160528A89 /* Pods_kinda_news_lenta.framework */,
				9E29ACD2B9B13B4A26714378 /* Pods_kinda_news_lenta_kinda_news_lentaUITests.framework */,
				508735030D270F68CEB999B0 /* Pods_kinda_news_lentaTests.framework */,
			);
			name = Frameworks;
			sourceTree = "<group>";
		};
/* End PBXGroup section */

/* Begin PBXNativeTarget section */
		80EC8DD82CEB9F8000E64AAC /* kinda-news-lenta */ = {
			isa = PBXNativeTarget;
			buildConfigurationList = 80EC8E022CEB9F8100E64AAC /* Build configuration list for PBXNativeTarget "kinda-news-lenta" */;
			buildPhases = (
				A668C16CAE0612F199F50FA6 /* [CP] Check Pods Manifest.lock */,
				80EC8DD52CEB9F8000E64AAC /* Sources */,
				80EC8DD62CEB9F8000E64AAC /* Frameworks */,
				80EC8DD72CEB9F8000E64AAC /* Resources */,
				D037889713FBF3EFB35F6ED6 /* [CP] Embed Pods Frameworks */,
			);
			buildRules = (
			);
			dependencies = (
			);
			fileSystemSynchronizedGroups = (
				80EC8DDB2CEB9F8000E64AAC /* kinda-news-lenta */,
			);
			name = "kinda-news-lenta";
			productName = "kinda-news-lenta";
			productReference = 80EC8DD92CEB9F8000E64AAC /* kinda-news-lenta.app */;
			productType = "com.apple.product-type.application";
		};
		80EC8DEE2CEB9F8100E64AAC /* kinda-news-lentaTests */ = {
			isa = PBXNativeTarget;
			buildConfigurationList = 80EC8E072CEB9F8100E64AAC /* Build configuration list for PBXNativeTarget "kinda-news-lentaTests" */;
			buildPhases = (
				1DA97ADD34BC7825C605E56C /* [CP] Check Pods Manifest.lock */,
				80EC8DEB2CEB9F8100E64AAC /* Sources */,
				80EC8DEC2CEB9F8100E64AAC /* Frameworks */,
				80EC8DED2CEB9F8100E64AAC /* Resources */,
			);
			buildRules = (
			);
			dependencies = (
				80EC8DF12CEB9F8100E64AAC /* PBXTargetDependency */,
			);
			fileSystemSynchronizedGroups = (
				80EC8DF22CEB9F8100E64AAC /* kinda-news-lentaTests */,
			);
			name = "kinda-news-lentaTests";
			productName = "kinda-news-lentaTests";
			productReference = 80EC8DEF2CEB9F8100E64AAC /* kinda-news-lentaTests.xctest */;
			productType = "com.apple.product-type.bundle.unit-test";
		};
		80EC8DF82CEB9F8100E64AAC /* kinda-news-lentaUITests */ = {
			isa = PBXNativeTarget;
			buildConfigurationList = 80EC8E0A2CEB9F8100E64AAC /* Build configuration list for PBXNativeTarget "kinda-news-lentaUITests" */;
			buildPhases = (
				A1314E6E5C1C6750B765359F /* [CP] Check Pods Manifest.lock */,
				80EC8DF52CEB9F8100E64AAC /* Sources */,
				80EC8DF62CEB9F8100E64AAC /* Frameworks */,
				80EC8DF72CEB9F8100E64AAC /* Resources */,
				C6762A21225A1DF6BA8173C2 /* [CP] Embed Pods Frameworks */,
			);
			buildRules = (
			);
			dependencies = (
				80EC8DFB2CEB9F8100E64AAC /* PBXTargetDependency */,
			);
			fileSystemSynchronizedGroups = (
				80EC8DFC2CEB9F8100E64AAC /* kinda-news-lentaUITests */,
			);
			name = "kinda-news-lentaUITests";
			productName = "kinda-news-lentaUITests";
			productReference = 80EC8DF92CEB9F8100E64AAC /* kinda-news-lentaUITests.xctest */;
			productType = "com.apple.product-type.bundle.ui-testing";
		};
/* End PBXNativeTarget section */

/* Begin PBXProject section */
		80EC8DD12CEB9F8000E64AAC /* Project object */ = {
			isa = PBXProject;
			attributes = {
				BuildIndependentTargetsInParallel = 1;
				LastSwiftUpdateCheck = 1600;
				LastUpgradeCheck = 1600;
				TargetAttributes = {
					80EC8DD82CEB9F8000E64AAC = {
						CreatedOnToolsVersion = 16.0;
					};
					80EC8DEE2CEB9F8100E64AAC = {
						CreatedOnToolsVersion = 16.0;
						TestTargetID = 80EC8DD82CEB9F8000E64AAC;
					};
					80EC8DF82CEB9F8100E64AAC = {
						CreatedOnToolsVersion = 16.0;
						TestTargetID = 80EC8DD82CEB9F8000E64AAC;
					};
				};
			};
			buildConfigurationList = 80EC8DD42CEB9F8000E64AAC /* Build configuration list for PBXProject "kinda-news-lenta" */;
			developmentRegion = en;
			hasScannedForEncodings = 0;
			knownRegions = (
				en,
				Base,
			);
			mainGroup = 80EC8DD02CEB9F8000E64AAC;
			minimizedProjectReferenceProxies = 1;
			preferredProjectObjectVersion = 77;
			productRefGroup = 80EC8DDA2CEB9F8000E64AAC /* Products */;
			projectDirPath = "";
			projectRoot = "";
			targets = (
				80EC8DD82CEB9F8000E64AAC /* kinda-news-lenta */,
				80EC8DEE2CEB9F8100E64AAC /* kinda-news-lentaTests */,
				80EC8DF82CEB9F8100E64AAC /* kinda-news-lentaUITests */,
			);
		};
/* End PBXProject section */

/* Begin PBXResourcesBuildPhase section */
		80EC8DD72CEB9F8000E64AAC /* Resources */ = {
			isa = PBXResourcesBuildPhase;
			buildActionMask = 2147483647;
			files = (
			);
			runOnlyForDeploymentPostprocessing = 0;
		};
		80EC8DED2CEB9F8100E64AAC /* Resources */ = {
			isa = PBXResourcesBuildPhase;
			buildActionMask = 2147483647;
			files = (
			);
			runOnlyForDeploymentPostprocessing = 0;
		};
		80EC8DF72CEB9F8100E64AAC /* Resources */ = {
			isa = PBXResourcesBuildPhase;
			buildActionMask = 2147483647;
			files = (
			);
			runOnlyForDeploymentPostprocessing = 0;
		};
/* End PBXResourcesBuildPhase section */

/* Begin PBXShellScriptBuildPhase section */
		1DA97ADD34BC7825C605E56C /* [CP] Check Pods Manifest.lock */ = {
			isa = PBXShellScriptBuildPhase;
			buildActionMask = 2147483647;
			files = (
			);
			inputFileListPaths = (
			);
			inputPaths = (
				"${PODS_PODFILE_DIR_PATH}/Podfile.lock",
				"${PODS_ROOT}/Manifest.lock",
			);
			name = "[CP] Check Pods Manifest.lock";
			outputFileListPaths = (
			);
			outputPaths = (
				"$(DERIVED_FILE_DIR)/Pods-kinda-news-lentaTests-checkManifestLockResult.txt",
			);
			runOnlyForDeploymentPostprocessing = 0;
			shellPath = /bin/sh;
			shellScript = "diff \"${PODS_PODFILE_DIR_PATH}/Podfile.lock\" \"${PODS_ROOT}/Manifest.lock\" > /dev/null\nif [ $? != 0 ] ; then\n    # print error to STDERR\n    echo \"error: The sandbox is not in sync with the Podfile.lock. Run 'pod install' or update your CocoaPods installation.\" >&2\n    exit 1\nfi\n# This output is used by Xcode 'outputs' to avoid re-running this script phase.\necho \"SUCCESS\" > \"${SCRIPT_OUTPUT_FILE_0}\"\n";
			showEnvVarsInLog = 0;
		};
		A1314E6E5C1C6750B765359F /* [CP] Check Pods Manifest.lock */ = {
			isa = PBXShellScriptBuildPhase;
			buildActionMask = 2147483647;
			files = (
			);
			inputFileListPaths = (
			);
			inputPaths = (
				"${PODS_PODFILE_DIR_PATH}/Podfile.lock",
				"${PODS_ROOT}/Manifest.lock",
			);
			name = "[CP] Check Pods Manifest.lock";
			outputFileListPaths = (
			);
			outputPaths = (
				"$(DERIVED_FILE_DIR)/Pods-kinda-news-lenta-kinda-news-lentaUITests-checkManifestLockResult.txt",
			);
			runOnlyForDeploymentPostprocessing = 0;
			shellPath = /bin/sh;
			shellScript = "diff \"${PODS_PODFILE_DIR_PATH}/Podfile.lock\" \"${PODS_ROOT}/Manifest.lock\" > /dev/null\nif [ $? != 0 ] ; then\n    # print error to STDERR\n    echo \"error: The sandbox is not in sync with the Podfile.lock. Run 'pod install' or update your CocoaPods installation.\" >&2\n    exit 1\nfi\n# This output is used by Xcode 'outputs' to avoid re-running this script phase.\necho \"SUCCESS\" > \"${SCRIPT_OUTPUT_FILE_0}\"\n";
			showEnvVarsInLog = 0;
		};
		A668C16CAE0612F199F50FA6 /* [CP] Check Pods Manifest.lock */ = {
			isa = PBXShellScriptBuildPhase;
			buildActionMask = 2147483647;
			files = (
			);
			inputFileListPaths = (
			);
			inputPaths = (
				"${PODS_PODFILE_DIR_PATH}/Podfile.lock",
				"${PODS_ROOT}/Manifest.lock",
			);
			name = "[CP] Check Pods Manifest.lock";
			outputFileListPaths = (
			);
			outputPaths = (
				"$(DERIVED_FILE_DIR)/Pods-kinda-news-lenta-checkManifestLockResult.txt",
			);
			runOnlyForDeploymentPostprocessing = 0;
			shellPath = /bin/sh;
			shellScript = "diff \"${PODS_PODFILE_DIR_PATH}/Podfile.lock\" \"${PODS_ROOT}/Manifest.lock\" > /dev/null\nif [ $? != 0 ] ; then\n    # print error to STDERR\n    echo \"error: The sandbox is not in sync with the Podfile.lock. Run 'pod install' or update your CocoaPods installation.\" >&2\n    exit 1\nfi\n# This output is used by Xcode 'outputs' to avoid re-running this script phase.\necho \"SUCCESS\" > \"${SCRIPT_OUTPUT_FILE_0}\"\n";
			showEnvVarsInLog = 0;
		};
		C6762A21225A1DF6BA8173C2 /* [CP] Embed Pods Frameworks */ = {
			isa = PBXShellScriptBuildPhase;
			buildActionMask = 2147483647;
			files = (
			);
			inputFileListPaths = (
				"${PODS_ROOT}/Target Support Files/Pods-kinda-news-lenta-kinda-news-lentaUITests/Pods-kinda-news-lenta-kinda-news-lentaUITests-frameworks-${CONFIGURATION}-input-files.xcfilelist",
			);
			name = "[CP] Embed Pods Frameworks";
			outputFileListPaths = (
				"${PODS_ROOT}/Target Support Files/Pods-kinda-news-lenta-kinda-news-lentaUITests/Pods-kinda-news-lenta-kinda-news-lentaUITests-frameworks-${CONFIGURATION}-output-files.xcfilelist",
			);
			runOnlyForDeploymentPostprocessing = 0;
			shellPath = /bin/sh;
			shellScript = "\"${PODS_ROOT}/Target Support Files/Pods-kinda-news-lenta-kinda-news-lentaUITests/Pods-kinda-news-lenta-kinda-news-lentaUITests-frameworks.sh\"\n";
			showEnvVarsInLog = 0;
		};
		D037889713FBF3EFB35F6ED6 /* [CP] Embed Pods Frameworks */ = {
			isa = PBXShellScriptBuildPhase;
			buildActionMask = 2147483647;
			files = (
			);
			inputFileListPaths = (
				"${PODS_ROOT}/Target Support Files/Pods-kinda-news-lenta/Pods-kinda-news-lenta-frameworks-${CONFIGURATION}-input-files.xcfilelist",
			);
			name = "[CP] Embed Pods Frameworks";
			outputFileListPaths = (
				"${PODS_ROOT}/Target Support Files/Pods-kinda-news-lenta/Pods-kinda-news-lenta-frameworks-${CONFIGURATION}-output-files.xcfilelist",
			);
			runOnlyForDeploymentPostprocessing = 0;
			shellPath = /bin/sh;
			shellScript = "\"${PODS_ROOT}/Target Support Files/Pods-kinda-news-lenta/Pods-kinda-news-lenta-frameworks.sh\"\n";
			showEnvVarsInLog = 0;
		};
/* End PBXShellScriptBuildPhase section */

/* Begin PBXSourcesBuildPhase section */
		80EC8DD52CEB9F8000E64AAC /* Sources */ = {
			isa = PBXSourcesBuildPhase;
			buildActionMask = 2147483647;
			files = (
			);
			runOnlyForDeploymentPostprocessing = 0;
		};
		80EC8DEB2CEB9F8100E64AAC /* Sources */ = {
			isa = PBXSourcesBuildPhase;
			buildActionMask = 2147483647;
			files = (
			);
			runOnlyForDeploymentPostprocessing = 0;
		};
		80EC8DF52CEB9F8100E64AAC /* Sources */ = {
			isa = PBXSourcesBuildPhase;
			buildActionMask = 2147483647;
			files = (
			);
			runOnlyForDeploymentPostprocessing = 0;
		};
/* End PBXSourcesBuildPhase section */

/* Begin PBXTargetDependency section */
		80EC8DF12CEB9F8100E64AAC /* PBXTargetDependency */ = {
			isa = PBXTargetDependency;
			target = 80EC8DD82CEB9F8000E64AAC /* kinda-news-lenta */;
			targetProxy = 80EC8DF02CEB9F8100E64AAC /* PBXContainerItemProxy */;
		};
		80EC8DFB2CEB9F8100E64AAC /* PBXTargetDependency */ = {
			isa = PBXTargetDependency;
			target = 80EC8DD82CEB9F8000E64AAC /* kinda-news-lenta */;
			targetProxy = 80EC8DFA2CEB9F8100E64AAC /* PBXContainerItemProxy */;
		};
/* End PBXTargetDependency section */

/* Begin XCBuildConfiguration section */
		80EC8E032CEB9F8100E64AAC /* Debug */ = {
			isa = XCBuildConfiguration;
			baseConfigurationReference = 7FEDA744C14B996C1B69F4AB /* Pods-kinda-news-lenta.debug.xcconfig */;
			buildSettings = {
				ASSETCATALOG_COMPILER_APPICON_NAME = AppIcon;
				ASSETCATALOG_COMPILER_GLOBAL_ACCENT_COLOR_NAME = AccentColor;
				CODE_SIGN_STYLE = Automatic;
				CURRENT_PROJECT_VERSION = 1;
				DEVELOPMENT_TEAM = Z763Y6Z974;
				GENERATE_INFOPLIST_FILE = YES;
				INFOPLIST_FILE = "kinda-news-lenta/Info.plist";
				INFOPLIST_KEY_UIApplicationSupportsIndirectInputEvents = YES;
				INFOPLIST_KEY_UILaunchStoryboardName = LaunchScreen;
				INFOPLIST_KEY_UIMainStoryboardFile = Main;
				INFOPLIST_KEY_UISupportedInterfaceOrientations_iPad = "UIInterfaceOrientationPortrait UIInterfaceOrientationPortraitUpsideDown UIInterfaceOrientationLandscapeLeft UIInterfaceOrientationLandscapeRight";
				INFOPLIST_KEY_UISupportedInterfaceOrientations_iPhone = "UIInterfaceOrientationPortrait UIInterfaceOrientationLandscapeLeft UIInterfaceOrientationLandscapeRight";
				LD_RUNPATH_SEARCH_PATHS = (
					"$(inherited)",
					"@executable_path/Frameworks",
				);
				MARKETING_VERSION = 1.0;
				PRODUCT_BUNDLE_IDENTIFIER = "com.kipa.kinda-news-lenta";
				PRODUCT_NAME = "$(TARGET_NAME)";
				SWIFT_EMIT_LOC_STRINGS = YES;
				SWIFT_VERSION = 5.0;
				TARGETED_DEVICE_FAMILY = "1,2";
			};
			name = Debug;
		};
		80EC8E042CEB9F8100E64AAC /* Release */ = {
			isa = XCBuildConfiguration;
			baseConfigurationReference = BCC1ABBF38825F5381F78768 /* Pods-kinda-news-lenta.release.xcconfig */;
			buildSettings = {
				ASSETCATALOG_COMPILER_APPICON_NAME = AppIcon;
				ASSETCATALOG_COMPILER_GLOBAL_ACCENT_COLOR_NAME = AccentColor;
				CODE_SIGN_STYLE = Automatic;
				CURRENT_PROJECT_VERSION = 1;
				DEVELOPMENT_TEAM = Z763Y6Z974;
				GENERATE_INFOPLIST_FILE = YES;
				INFOPLIST_FILE = "kinda-news-lenta/Info.plist";
				INFOPLIST_KEY_UIApplicationSupportsIndirectInputEvents = YES;
				INFOPLIST_KEY_UILaunchStoryboardName = LaunchScreen;
				INFOPLIST_KEY_UIMainStoryboardFile = Main;
				INFOPLIST_KEY_UISupportedInterfaceOrientations_iPad = "UIInterfaceOrientationPortrait UIInterfaceOrientationPortraitUpsideDown UIInterfaceOrientationLandscapeLeft UIInterfaceOrientationLandscapeRight";
				INFOPLIST_KEY_UISupportedInterfaceOrientations_iPhone = "UIInterfaceOrientationPortrait UIInterfaceOrientationLandscapeLeft UIInterfaceOrientationLandscapeRight";
				LD_RUNPATH_SEARCH_PATHS = (
					"$(inherited)",
					"@executable_path/Frameworks",
				);
				MARKETING_VERSION = 1.0;
				PRODUCT_BUNDLE_IDENTIFIER = "com.kipa.kinda-news-lenta";
				PRODUCT_NAME = "$(TARGET_NAME)";
				SWIFT_EMIT_LOC_STRINGS = YES;
				SWIFT_VERSION = 5.0;
				TARGETED_DEVICE_FAMILY = "1,2";
			};
			name = Release;
		};
		80EC8E052CEB9F8100E64AAC /* Debug */ = {
			isa = XCBuildConfiguration;
			buildSettings = {
				ALWAYS_SEARCH_USER_PATHS = NO;
				ASSETCATALOG_COMPILER_GENERATE_SWIFT_ASSET_SYMBOL_EXTENSIONS = YES;
				CLANG_ANALYZER_NONNULL = YES;
				CLANG_ANALYZER_NUMBER_OBJECT_CONVERSION = YES_AGGRESSIVE;
				CLANG_CXX_LANGUAGE_STANDARD = "gnu++20";
				CLANG_ENABLE_MODULES = YES;
				CLANG_ENABLE_OBJC_ARC = YES;
				CLANG_ENABLE_OBJC_WEAK = YES;
				CLANG_WARN_BLOCK_CAPTURE_AUTORELEASING = YES;
				CLANG_WARN_BOOL_CONVERSION = YES;
				CLANG_WARN_COMMA = YES;
				CLANG_WARN_CONSTANT_CONVERSION = YES;
				CLANG_WARN_DEPRECATED_OBJC_IMPLEMENTATIONS = YES;
				CLANG_WARN_DIRECT_OBJC_ISA_USAGE = YES_ERROR;
				CLANG_WARN_DOCUMENTATION_COMMENTS = YES;
				CLANG_WARN_EMPTY_BODY = YES;
				CLANG_WARN_ENUM_CONVERSION = YES;
				CLANG_WARN_INFINITE_RECURSION = YES;
				CLANG_WARN_INT_CONVERSION = YES;
				CLANG_WARN_NON_LITERAL_NULL_CONVERSION = YES;
				CLANG_WARN_OBJC_IMPLICIT_RETAIN_SELF = YES;
				CLANG_WARN_OBJC_LITERAL_CONVERSION = YES;
				CLANG_WARN_OBJC_ROOT_CLASS = YES_ERROR;
				CLANG_WARN_QUOTED_INCLUDE_IN_FRAMEWORK_HEADER = YES;
				CLANG_WARN_RANGE_LOOP_ANALYSIS = YES;
				CLANG_WARN_STRICT_PROTOTYPES = YES;
				CLANG_WARN_SUSPICIOUS_MOVE = YES;
				CLANG_WARN_UNGUARDED_AVAILABILITY = YES_AGGRESSIVE;
				CLANG_WARN_UNREACHABLE_CODE = YES;
				CLANG_WARN__DUPLICATE_METHOD_MATCH = YES;
				COPY_PHASE_STRIP = NO;
				DEBUG_INFORMATION_FORMAT = dwarf;
				ENABLE_STRICT_OBJC_MSGSEND = YES;
				ENABLE_TESTABILITY = YES;
				ENABLE_USER_SCRIPT_SANDBOXING = NO;
				GCC_C_LANGUAGE_STANDARD = gnu17;
				GCC_DYNAMIC_NO_PIC = NO;
				GCC_NO_COMMON_BLOCKS = YES;
				GCC_OPTIMIZATION_LEVEL = 0;
				GCC_PREPROCESSOR_DEFINITIONS = (
					"DEBUG=1",
					"$(inherited)",
				);
				GCC_WARN_64_TO_32_BIT_CONVERSION = YES;
				GCC_WARN_ABOUT_RETURN_TYPE = YES_ERROR;
				GCC_WARN_UNDECLARED_SELECTOR = YES;
				GCC_WARN_UNINITIALIZED_AUTOS = YES_AGGRESSIVE;
				GCC_WARN_UNUSED_FUNCTION = YES;
				GCC_WARN_UNUSED_VARIABLE = YES;
				IPHONEOS_DEPLOYMENT_TARGET = 18.0;
				LOCALIZATION_PREFERS_STRING_CATALOGS = YES;
				MTL_ENABLE_DEBUG_INFO = INCLUDE_SOURCE;
				MTL_FAST_MATH = YES;
				ONLY_ACTIVE_ARCH = YES;
				SDKROOT = iphoneos;
				SWIFT_ACTIVE_COMPILATION_CONDITIONS = "DEBUG $(inherited)";
				SWIFT_OPTIMIZATION_LEVEL = "-Onone";
			};
			name = Debug;
		};
		80EC8E062CEB9F8100E64AAC /* Release */ = {
			isa = XCBuildConfiguration;
			buildSettings = {
				ALWAYS_SEARCH_USER_PATHS = NO;
				ASSETCATALOG_COMPILER_GENERATE_SWIFT_ASSET_SYMBOL_EXTENSIONS = YES;
				CLANG_ANALYZER_NONNULL = YES;
				CLANG_ANALYZER_NUMBER_OBJECT_CONVERSION = YES_AGGRESSIVE;
				CLANG_CXX_LANGUAGE_STANDARD = "gnu++20";
				CLANG_ENABLE_MODULES = YES;
				CLANG_ENABLE_OBJC_ARC = YES;
				CLANG_ENABLE_OBJC_WEAK = YES;
				CLANG_WARN_BLOCK_CAPTURE_AUTORELEASING = YES;
				CLANG_WARN_BOOL_CONVERSION = YES;
				CLANG_WARN_COMMA = YES;
				CLANG_WARN_CONSTANT_CONVERSION = YES;
				CLANG_WARN_DEPRECATED_OBJC_IMPLEMENTATIONS = YES;
				CLANG_WARN_DIRECT_OBJC_ISA_USAGE = YES_ERROR;
				CLANG_WARN_DOCUMENTATION_COMMENTS = YES;
				CLANG_WARN_EMPTY_BODY = YES;
				CLANG_WARN_ENUM_CONVERSION = YES;
				CLANG_WARN_INFINITE_RECURSION = YES;
				CLANG_WARN_INT_CONVERSION = YES;
				CLANG_WARN_NON_LITERAL_NULL_CONVERSION = YES;
				CLANG_WARN_OBJC_IMPLICIT_RETAIN_SELF = YES;
				CLANG_WARN_OBJC_LITERAL_CONVERSION = YES;
				CLANG_WARN_OBJC_ROOT_CLASS = YES_ERROR;
				CLANG_WARN_QUOTED_INCLUDE_IN_FRAMEWORK_HEADER = YES;
				CLANG_WARN_RANGE_LOOP_ANALYSIS = YES;
				CLANG_WARN_STRICT_PROTOTYPES = YES;
				CLANG_WARN_SUSPICIOUS_MOVE = YES;
				CLANG_WARN_UNGUARDED_AVAILABILITY = YES_AGGRESSIVE;
				CLANG_WARN_UNREACHABLE_CODE = YES;
				CLANG_WARN__DUPLICATE_METHOD_MATCH = YES;
				COPY_PHASE_STRIP = NO;
				DEBUG_INFORMATION_FORMAT = "dwarf-with-dsym";
				ENABLE_NS_ASSERTIONS = NO;
				ENABLE_STRICT_OBJC_MSGSEND = YES;
				ENABLE_USER_SCRIPT_SANDBOXING = NO;
				GCC_C_LANGUAGE_STANDARD = gnu17;
				GCC_NO_COMMON_BLOCKS = YES;
				GCC_WARN_64_TO_32_BIT_CONVERSION = YES;
				GCC_WARN_ABOUT_RETURN_TYPE = YES_ERROR;
				GCC_WARN_UNDECLARED_SELECTOR = YES;
				GCC_WARN_UNINITIALIZED_AUTOS = YES_AGGRESSIVE;
				GCC_WARN_UNUSED_FUNCTION = YES;
				GCC_WARN_UNUSED_VARIABLE = YES;
				IPHONEOS_DEPLOYMENT_TARGET = 18.0;
				LOCALIZATION_PREFERS_STRING_CATALOGS = YES;
				MTL_ENABLE_DEBUG_INFO = NO;
				MTL_FAST_MATH = YES;
				SDKROOT = iphoneos;
				SWIFT_COMPILATION_MODE = wholemodule;
				VALIDATE_PRODUCT = YES;
			};
			name = Release;
		};
		80EC8E082CEB9F8100E64AAC /* Debug */ = {
			isa = XCBuildConfiguration;
			baseConfigurationReference = BBEBF8F209F506EDFA6AAD59 /* Pods-kinda-news-lentaTests.debug.xcconfig */;
			buildSettings = {
				BUNDLE_LOADER = "$(TEST_HOST)";
				CODE_SIGN_STYLE = Automatic;
				CURRENT_PROJECT_VERSION = 1;
				DEVELOPMENT_TEAM = Z763Y6Z974;
				GENERATE_INFOPLIST_FILE = YES;
				IPHONEOS_DEPLOYMENT_TARGET = 18.0;
				MARKETING_VERSION = 1.0;
				PRODUCT_BUNDLE_IDENTIFIER = "com.kipa.kinda-news-lentaTests";
				PRODUCT_NAME = "$(TARGET_NAME)";
				SWIFT_EMIT_LOC_STRINGS = NO;
				SWIFT_VERSION = 5.0;
				TARGETED_DEVICE_FAMILY = "1,2";
				TEST_HOST = "$(BUILT_PRODUCTS_DIR)/kinda-news-lenta.app/$(BUNDLE_EXECUTABLE_FOLDER_PATH)/kinda-news-lenta";
			};
			name = Debug;
		};
		80EC8E092CEB9F8100E64AAC /* Release */ = {
			isa = XCBuildConfiguration;
			baseConfigurationReference = E2CB068515AE398E6E9D248B /* Pods-kinda-news-lentaTests.release.xcconfig */;
			buildSettings = {
				BUNDLE_LOADER = "$(TEST_HOST)";
				CODE_SIGN_STYLE = Automatic;
				CURRENT_PROJECT_VERSION = 1;
				DEVELOPMENT_TEAM = Z763Y6Z974;
				GENERATE_INFOPLIST_FILE = YES;
				IPHONEOS_DEPLOYMENT_TARGET = 18.0;
				MARKETING_VERSION = 1.0;
				PRODUCT_BUNDLE_IDENTIFIER = "com.kipa.kinda-news-lentaTests";
				PRODUCT_NAME = "$(TARGET_NAME)";
				SWIFT_EMIT_LOC_STRINGS = NO;
				SWIFT_VERSION = 5.0;
				TARGETED_DEVICE_FAMILY = "1,2";
				TEST_HOST = "$(BUILT_PRODUCTS_DIR)/kinda-news-lenta.app/$(BUNDLE_EXECUTABLE_FOLDER_PATH)/kinda-news-lenta";
			};
			name = Release;
		};
		80EC8E0B2CEB9F8100E64AAC /* Debug */ = {
			isa = XCBuildConfiguration;
			baseConfigurationReference = 10298C98B730CC10D8152C86 /* Pods-kinda-news-lenta-kinda-news-lentaUITests.debug.xcconfig */;
			buildSettings = {
				CODE_SIGN_STYLE = Automatic;
				CURRENT_PROJECT_VERSION = 1;
				DEVELOPMENT_TEAM = Z763Y6Z974;
				GENERATE_INFOPLIST_FILE = YES;
				MARKETING_VERSION = 1.0;
				PRODUCT_BUNDLE_IDENTIFIER = "com.kipa.kinda-news-lentaUITests";
				PRODUCT_NAME = "$(TARGET_NAME)";
				SWIFT_EMIT_LOC_STRINGS = NO;
				SWIFT_VERSION = 5.0;
				TARGETED_DEVICE_FAMILY = "1,2";
				TEST_TARGET_NAME = "kinda-news-lenta";
			};
			name = Debug;
		};
		80EC8E0C2CEB9F8100E64AAC /* Release */ = {
			isa = XCBuildConfiguration;
			baseConfigurationReference = 065B9E4CE423F9DCF1C789BE /* Pods-kinda-news-lenta-kinda-news-lentaUITests.release.xcconfig */;
			buildSettings = {
				CODE_SIGN_STYLE = Automatic;
				CURRENT_PROJECT_VERSION = 1;
				DEVELOPMENT_TEAM = Z763Y6Z974;
				GENERATE_INFOPLIST_FILE = YES;
				MARKETING_VERSION = 1.0;
				PRODUCT_BUNDLE_IDENTIFIER = "com.kipa.kinda-news-lentaUITests";
				PRODUCT_NAME = "$(TARGET_NAME)";
				SWIFT_EMIT_LOC_STRINGS = NO;
				SWIFT_VERSION = 5.0;
				TARGETED_DEVICE_FAMILY = "1,2";
				TEST_TARGET_NAME = "kinda-news-lenta";
			};
			name = Release;
		};
/* End XCBuildConfiguration section */

/* Begin XCConfigurationList section */
		80EC8DD42CEB9F8000E64AAC /* Build configuration list for PBXProject "kinda-news-lenta" */ = {
			isa = XCConfigurationList;
			buildConfigurations = (
				80EC8E052CEB9F8100E64AAC /* Debug */,
				80EC8E062CEB9F8100E64AAC /* Release */,
			);
			defaultConfigurationIsVisible = 0;
			defaultConfigurationName = Release;
		};
		80EC8E022CEB9F8100E64AAC /* Build configuration list for PBXNativeTarget "kinda-news-lenta" */ = {
			isa = XCConfigurationList;
			buildConfigurations = (
				80EC8E032CEB9F8100E64AAC /* Debug */,
				80EC8E042CEB9F8100E64AAC /* Release */,
			);
			defaultConfigurationIsVisible = 0;
			defaultConfigurationName = Release;
		};
		80EC8E072CEB9F8100E64AAC /* Build configuration list for PBXNativeTarget "kinda-news-lentaTests" */ = {
			isa = XCConfigurationList;
			buildConfigurations = (
				80EC8E082CEB9F8100E64AAC /* Debug */,
				80EC8E092CEB9F8100E64AAC /* Release */,
			);
			defaultConfigurationIsVisible = 0;
			defaultConfigurationName = Release;
		};
		80EC8E0A2CEB9F8100E64AAC /* Build configuration list for PBXNativeTarget "kinda-news-lentaUITests" */ = {
			isa = XCConfigurationList;
			buildConfigurations = (
				80EC8E0B2CEB9F8100E64AAC /* Debug */,
				80EC8E0C2CEB9F8100E64AAC /* Release */,
			);
			defaultConfigurationIsVisible = 0;
			defaultConfigurationName = Release;
		};
/* End XCConfigurationList section */
	};
	rootObject = 80EC8DD12CEB9F8000E64AAC /* Project object */;
}
